<?xml version="1.0" encoding="utf-8"?>
<Project ToolsVersion="4.0" xmlns="http://schemas.microsoft.com/developer/msbuild/2003">
  <ItemGroup>
    <Filter Include="소스 파일">
      <UniqueIdentifier>{4FC737F1-C7A5-4376-A066-2A32D752A2FF}</UniqueIdentifier>
      <Extensions>cpp;c;cc;cxx;c++;cppm;ixx;def;odl;idl;hpj;bat;asm;asmx</Extensions>
    </Filter>
    <Filter Include="헤더 파일">
      <UniqueIdentifier>{93995380-89BD-4b04-88EB-625FBE52EBFB}</UniqueIdentifier>
      <Extensions>h;hh;hpp;hxx;h++;hm;inl;inc;ipp;xsd</Extensions>
    </Filter>
    <Filter Include="리소스 파일">
      <UniqueIdentifier>{67DA6AB6-F800-4c08-8B7A-83BB121AAD01}</UniqueIdentifier>
      <Extensions>rc;ico;cur;bmp;dlg;rc2;rct;bin;rgs;gif;jpg;jpeg;jpe;resx;tiff;tif;png;wav;mfcribbon-ms</Extensions>
    </Filter>
    <Filter Include="소스 파일\01. Managers">
      <UniqueIdentifier>{15bafd68-b35e-4a78-a797-e6143f1a1328}</UniqueIdentifier>
    </Filter>
    <Filter Include="소스 파일\01. Managers\GameManager">
      <UniqueIdentifier>{6e65f77c-7c3d-42a4-a424-66e5e39a1fdf}</UniqueIdentifier>
    </Filter>
    <Filter Include="소스 파일\01. Managers\KeyManager">
      <UniqueIdentifier>{8a0b6bed-0c27-463a-abad-6a3d1dfb0119}</UniqueIdentifier>
    </Filter>
    <Filter Include="소스 파일\01. Managers\TimeManager">
      <UniqueIdentifier>{2e0f8955-19f7-4cf4-95fa-fb49e8d7f512}</UniqueIdentifier>
    </Filter>
    <Filter Include="소스 파일\02. Object">
      <UniqueIdentifier>{de0e8fd6-170c-4b37-8493-0b66dc111d4a}</UniqueIdentifier>
    </Filter>
    <Filter Include="소스 파일\03. Scene">
      <UniqueIdentifier>{156c96ae-082e-4576-8cc6-7af5db44fd70}</UniqueIdentifier>
    </Filter>
    <Filter Include="소스 파일\01. Managers\SceneManager">
      <UniqueIdentifier>{3ca54c23-fadf-4dcb-9005-d279d7175ef0}</UniqueIdentifier>
    </Filter>
    <Filter Include="소스 파일\03. Scene\SceneIntro">
      <UniqueIdentifier>{fca909b4-0afb-4612-a80b-66586231cd5d}</UniqueIdentifier>
    </Filter>
    <Filter Include="소스 파일\04. Resource">
      <UniqueIdentifier>{6ed53d51-97b6-4c5b-ab7a-216e13838e7c}</UniqueIdentifier>
    </Filter>
  </ItemGroup>
  <ItemGroup>
    <ClInclude Include="framework.h">
      <Filter>헤더 파일</Filter>
    </ClInclude>
    <ClInclude Include="targetver.h">
      <Filter>헤더 파일</Filter>
    </ClInclude>
    <ClInclude Include="Resource.h">
      <Filter>헤더 파일</Filter>
    </ClInclude>
    <ClInclude Include="main.h">
      <Filter>헤더 파일</Filter>
    </ClInclude>
    <ClInclude Include="pch.h">
      <Filter>헤더 파일</Filter>
    </ClInclude>
    <ClInclude Include="Vector2.h">
      <Filter>헤더 파일</Filter>
    </ClInclude>
    <ClInclude Include="Managers\GameManager.h">
      <Filter>소스 파일\01. Managers\GameManager</Filter>
    </ClInclude>
    <ClInclude Include="Managers\KeyManager.h">
      <Filter>소스 파일\01. Managers\KeyManager</Filter>
    </ClInclude>
    <ClInclude Include="Managers\TimeManager.h">
      <Filter>소스 파일\01. Managers\TimeManager</Filter>
    </ClInclude>
    <ClInclude Include="Object\Object.h">
      <Filter>소스 파일\02. Object</Filter>
    </ClInclude>
    <ClInclude Include="Scene\Scene.h">
      <Filter>소스 파일\03. Scene</Filter>
    </ClInclude>
    <ClInclude Include="Managers\SceneManager.h">
      <Filter>소스 파일\01. Managers\SceneManager</Filter>
    </ClInclude>
    <ClInclude Include="Scene\SceneIntro\SceneIntro.h">
      <Filter>소스 파일\03. Scene\SceneIntro</Filter>
    </ClInclude>
    <ClInclude Include="Resource\Resource.h">
      <Filter>소스 파일\04. Resource</Filter>
    </ClInclude>
  </ItemGroup>
  <ItemGroup>
    <ClCompile Include="main.cpp">
      <Filter>소스 파일</Filter>
    </ClCompile>
    <ClCompile Include="Managers\GameManager.cpp">
      <Filter>소스 파일\01. Managers\GameManager</Filter>
    </ClCompile>
    <ClCompile Include="Managers\KeyManager.cpp">
      <Filter>소스 파일\01. Managers\KeyManager</Filter>
    </ClCompile>
    <ClCompile Include="Managers\TimeManager.cpp">
      <Filter>소스 파일\01. Managers\TimeManager</Filter>
    </ClCompile>
    <ClCompile Include="Object\Object.cpp">
      <Filter>소스 파일\02. Object</Filter>
    </ClCompile>
    <ClCompile Include="Scene\Scene.cpp">
      <Filter>소스 파일\03. Scene</Filter>
    </ClCompile>
    <ClCompile Include="Managers\SceneManager.cpp">
      <Filter>소스 파일\01. Managers\SceneManager</Filter>
    </ClCompile>
    <ClCompile Include="Scene\SceneIntro\SceneIntro.cpp">
      <Filter>소스 파일\03. Scene\SceneIntro</Filter>
    </ClCompile>
    <ClCompile Include="Resource\Resource.cpp">
      <Filter>소스 파일\04. Resource</Filter>
    </ClCompile>
  </ItemGroup>
  <ItemGroup>
    <ResourceCompile Include="Tetris.rc">
      <Filter>리소스 파일</Filter>
    </ResourceCompile>
  </ItemGroup>
  <ItemGroup>
    <Image Include="small.ico">
      <Filter>리소스 파일</Filter>
    </Image>
    <Image Include="Tetris.ico">
      <Filter>리소스 파일</Filter>
    </Image>
  </ItemGroup>
</Project>